{
  "name": "SynthTnT",
  "lockfileVersion": 3,
  "requires": true,
  "packages": {
    "": {
      "dependencies": {
        "@theresnotime/ipa-to-ssml": "^1.2.0",
        "crypto-js": "^4.2.0"
      }
    },
    "node_modules/@theresnotime/ipa-to-ssml": {
      "version": "1.2.0",
      "resolved": "https://registry.npmjs.org/@theresnotime/ipa-to-ssml/-/ipa-to-ssml-1.2.0.tgz",
      "integrity": "sha512-o447dX9ILL9FrZAtWxrYHBoveX0ySWmIvZJltLn603rc6ObXXmJGHYres66A6XhEV986E7kBmSMNfBONCHRTZg==",
      "dependencies": {
        "fast-xml-parser": "^4.0.7"
      }
    },
    "node_modules/crypto-js": {
      "version": "4.2.0",
      "resolved": "https://registry.npmjs.org/crypto-js/-/crypto-js-4.2.0.tgz",
      "integrity": "sha512-KALDyEYgpY+Rlob/iriUtjV6d5Eq+Y191A5g4UqLAi8CyGP9N1+FdVbkc1SxKc2r4YAYqG8JzO2KGL+AizD70Q=="
    },
    "node_modules/fast-xml-parser": {
      "version": "4.3.4",
      "resolved": "https://registry.npmjs.org/fast-xml-parser/-/fast-xml-parser-4.3.4.tgz",
      "integrity": "sha512-utnwm92SyozgA3hhH2I8qldf2lBqm6qHOICawRNRFu1qMe3+oqr+GcXjGqTmXTMGE5T4eC03kr/rlh5C1IRdZA==",
      "funding": [
        {
          "type": "github",
          "url": "https://github.com/sponsors/NaturalIntelligence"
        },
        {
          "type": "paypal",
          "url": "https://paypal.me/naturalintelligence"
        }
      ],
      "dependencies": {
        "strnum": "^1.0.5"
      },
      "bin": {
        "fxparser": "src/cli/cli.js"
      }
    },
    "node_modules/strnum": {
      "version": "1.0.5",
      "resolved": "https://registry.npmjs.org/strnum/-/strnum-1.0.5.tgz",
      "integrity": "sha512-J8bbNyKKXl5qYcR36TIO8W3mVGVHrmmxsd5PAItGkmyzwJvybiw2IVq5nqd0i4LSNSkB/sx9VHllbfFdr9k1JA=="
    }
  }
}
